
Microsoft Visual Studio Solution File, Format Version 12.00
# Visual Studio Version 17
VisualStudioVersion = 17.7.34221.43
MinimumVisualStudioVersion = 10.0.40219.1
Project("{FAE04EC0-301F-11D3-BF4B-00C04F79EFBC}") = "EmployeeTrainingRegistration", "EmployeeTrainingRegistration\EmployeeTrainingRegistration.csproj", "{2832482F-E382-449E-B8BA-D9FF83D350DF}"
EndProject
Project("{FAE04EC0-301F-11D3-BF4B-00C04F79EFBC}") = "EmployeeTrainingRegistrationServices", "EmployeeTrainingRegistrationServices\EmployeeTrainingRegistrationServices.csproj", "{17D5EDE2-1802-4492-89C5-EDEC9DC2ADDC}"
EndProject
Project("{FAE04EC0-301F-11D3-BF4B-00C04F79EFBC}") = "DataAccessLayer", "DataAccessLayer\DataAccessLayer.csproj", "{68EA96D6-B1DC-4376-B250-80792A48658A}"
EndProject
Project("{FAE04EC0-301F-11D3-BF4B-00C04F79EFBC}") = "EmployeeTrainingRegistrationTest", "EmployeeTrainingRegistrationTest\EmployeeTrainingRegistrationTest.csproj", "{1EF4C907-2A5A-43DA-AEBE-DD90AD9463E7}"
EndProject
Global
	GlobalSection(SolutionConfigurationPlatforms) = preSolution
		Debug|Any CPU = Debug|Any CPU
		Release|Any CPU = Release|Any CPU
	EndGlobalSection
	GlobalSection(ProjectConfigurationPlatforms) = postSolution
		{2832482F-E382-449E-B8BA-D9FF83D350DF}.Debug|Any CPU.ActiveCfg = Debug|Any CPU
		{2832482F-E382-449E-B8BA-D9FF83D350DF}.Debug|Any CPU.Build.0 = Debug|Any CPU
		{2832482F-E382-449E-B8BA-D9FF83D350DF}.Release|Any CPU.ActiveCfg = Release|Any CPU
		{2832482F-E382-449E-B8BA-D9FF83D350DF}.Release|Any CPU.Build.0 = Release|Any CPU
		{17D5EDE2-1802-4492-89C5-EDEC9DC2ADDC}.Debug|Any CPU.ActiveCfg = Debug|Any CPU
		{17D5EDE2-1802-4492-89C5-EDEC9DC2ADDC}.Debug|Any CPU.Build.0 = Debug|Any CPU
		{17D5EDE2-1802-4492-89C5-EDEC9DC2ADDC}.Release|Any CPU.ActiveCfg = Release|Any CPU
		{17D5EDE2-1802-4492-89C5-EDEC9DC2ADDC}.Release|Any CPU.Build.0 = Release|Any CPU
		{68EA96D6-B1DC-4376-B250-80792A48658A}.Debug|Any CPU.ActiveCfg = Debug|Any CPU
		{68EA96D6-B1DC-4376-B250-80792A48658A}.Debug|Any CPU.Build.0 = Debug|Any CPU
		{68EA96D6-B1DC-4376-B250-80792A48658A}.Release|Any CPU.ActiveCfg = Release|Any CPU
		{68EA96D6-B1DC-4376-B250-80792A48658A}.Release|Any CPU.Build.0 = Release|Any CPU
		{1EF4C907-2A5A-43DA-AEBE-DD90AD9463E7}.Debug|Any CPU.ActiveCfg = Debug|Any CPU
		{1EF4C907-2A5A-43DA-AEBE-DD90AD9463E7}.Debug|Any CPU.Build.0 = Debug|Any CPU
		{1EF4C907-2A5A-43DA-AEBE-DD90AD9463E7}.Release|Any CPU.ActiveCfg = Release|Any CPU
		{1EF4C907-2A5A-43DA-AEBE-DD90AD9463E7}.Release|Any CPU.Build.0 = Release|Any CPU
	EndGlobalSection
	GlobalSection(SolutionProperties) = preSolution
		HideSolutionNode = FALSE
	EndGlobalSection
	GlobalSection(ExtensibilityGlobals) = postSolution
		SolutionGuid = {5BBC7FAF-90DC-4911-A1CA-F80E4B90647B}
	EndGlobalSection
EndGlobal
